<?xml version="1.0" encoding="UTF-8" standalone="yes" ?>
<CodeBlocks_project_file>
	<FileVersion major="1" minor="6" />
	<Project>
		<Option title="drone" />
		<Option pch_mode="2" />
		<Option compiler="gcc" />
		<Build>
			<Target title="Debug">
				<Option output="bin/Debug/drone" prefix_auto="1" extension_auto="1" />
				<Option object_output="obj/Debug/" />
				<Option type="1" />
				<Option compiler="gcc" />
				<Compiler>
					<Add option="-g" />
					<Add directory="include" />
				</Compiler>
			</Target>
			<Target title="Release">
				<Option output="bin/Release/drone" prefix_auto="1" extension_auto="1" />
				<Option object_output="obj/Release/" />
				<Option type="0" />
				<Option compiler="gcc" />
				<Compiler>
					<Add option="-O2" />
					<Add option="-s" />
					<Add directory="include" />
				</Compiler>
			</Target>
			<Environment>
				<Variable name="CV_VERSION" value="430" />
			</Environment>
		</Build>
		<Compiler>
			<Add directory="include" />
		</Compiler>
		<Linker>
			<Add library="opencv_imgproc$(CV_VERSION).dll" />
			<Add library="opencv_core$(CV_VERSION).dll" />
			<Add library="opencv_highgui$(CV_VERSION).dll" />
			<Add library="opencv_imgcodecs$(CV_VERSION).dll" />
			<Add library="opencv_video$(CV_VERSION).dll" />
			<Add library="opencv_videoio$(CV_VERSION).dll" />
			<Add library="ws2_32" />
			<Add directory="opencv_win_x64/mingw/lib" />
			<Add directory="opencv_win_x64/mingw/bin" />
		</Linker>
		<Unit filename="include/asio.hpp" />
		<Unit filename="include/asio/associated_allocator.hpp" />
		<Unit filename="include/asio/associated_executor.hpp" />
		<Unit filename="include/asio/async_result.hpp" />
		<Unit filename="include/asio/awaitable.hpp" />
		<Unit filename="include/asio/basic_datagram_socket.hpp" />
		<Unit filename="include/asio/basic_deadline_timer.hpp" />
		<Unit filename="include/asio/basic_io_object.hpp" />
		<Unit filename="include/asio/basic_raw_socket.hpp" />
		<Unit filename="include/asio/basic_seq_packet_socket.hpp" />
		<Unit filename="include/asio/basic_serial_port.hpp" />
		<Unit filename="include/asio/basic_signal_set.hpp" />
		<Unit filename="include/asio/basic_socket.hpp" />
		<Unit filename="include/asio/basic_socket_acceptor.hpp" />
		<Unit filename="include/asio/basic_socket_iostream.hpp" />
		<Unit filename="include/asio/basic_socket_streambuf.hpp" />
		<Unit filename="include/asio/basic_stream_socket.hpp" />
		<Unit filename="include/asio/basic_streambuf.hpp" />
		<Unit filename="include/asio/basic_streambuf_fwd.hpp" />
		<Unit filename="include/asio/basic_waitable_timer.hpp" />
		<Unit filename="include/asio/bind_executor.hpp" />
		<Unit filename="include/asio/buffer.hpp" />
		<Unit filename="include/asio/buffered_read_stream.hpp" />
		<Unit filename="include/asio/buffered_read_stream_fwd.hpp" />
		<Unit filename="include/asio/buffered_stream.hpp" />
		<Unit filename="include/asio/buffered_stream_fwd.hpp" />
		<Unit filename="include/asio/buffered_write_stream.hpp" />
		<Unit filename="include/asio/buffered_write_stream_fwd.hpp" />
		<Unit filename="include/asio/buffers_iterator.hpp" />
		<Unit filename="include/asio/co_spawn.hpp" />
		<Unit filename="include/asio/completion_condition.hpp" />
		<Unit filename="include/asio/compose.hpp" />
		<Unit filename="include/asio/connect.hpp" />
		<Unit filename="include/asio/coroutine.hpp" />
		<Unit filename="include/asio/deadline_timer.hpp" />
		<Unit filename="include/asio/defer.hpp" />
		<Unit filename="include/asio/detached.hpp" />
		<Unit filename="include/asio/detail/array.hpp" />
		<Unit filename="include/asio/detail/array_fwd.hpp" />
		<Unit filename="include/asio/detail/assert.hpp" />
		<Unit filename="include/asio/detail/atomic_count.hpp" />
		<Unit filename="include/asio/detail/base_from_completion_cond.hpp" />
		<Unit filename="include/asio/detail/bind_handler.hpp" />
		<Unit filename="include/asio/detail/buffer_resize_guard.hpp" />
		<Unit filename="include/asio/detail/buffer_sequence_adapter.hpp" />
		<Unit filename="include/asio/detail/buffered_stream_storage.hpp" />
		<Unit filename="include/asio/detail/call_stack.hpp" />
		<Unit filename="include/asio/detail/chrono.hpp" />
		<Unit filename="include/asio/detail/chrono_time_traits.hpp" />
		<Unit filename="include/asio/detail/completion_handler.hpp" />
		<Unit filename="include/asio/detail/concurrency_hint.hpp" />
		<Unit filename="include/asio/detail/conditionally_enabled_event.hpp" />
		<Unit filename="include/asio/detail/conditionally_enabled_mutex.hpp" />
		<Unit filename="include/asio/detail/config.hpp" />
		<Unit filename="include/asio/detail/consuming_buffers.hpp" />
		<Unit filename="include/asio/detail/cstddef.hpp" />
		<Unit filename="include/asio/detail/cstdint.hpp" />
		<Unit filename="include/asio/detail/date_time_fwd.hpp" />
		<Unit filename="include/asio/detail/deadline_timer_service.hpp" />
		<Unit filename="include/asio/detail/dependent_type.hpp" />
		<Unit filename="include/asio/detail/descriptor_ops.hpp" />
		<Unit filename="include/asio/detail/descriptor_read_op.hpp" />
		<Unit filename="include/asio/detail/descriptor_write_op.hpp" />
		<Unit filename="include/asio/detail/dev_poll_reactor.hpp" />
		<Unit filename="include/asio/detail/epoll_reactor.hpp" />
		<Unit filename="include/asio/detail/event.hpp" />
		<Unit filename="include/asio/detail/eventfd_select_interrupter.hpp" />
		<Unit filename="include/asio/detail/executor_function.hpp" />
		<Unit filename="include/asio/detail/executor_op.hpp" />
		<Unit filename="include/asio/detail/fd_set_adapter.hpp" />
		<Unit filename="include/asio/detail/fenced_block.hpp" />
		<Unit filename="include/asio/detail/functional.hpp" />
		<Unit filename="include/asio/detail/future.hpp" />
		<Unit filename="include/asio/detail/gcc_arm_fenced_block.hpp" />
		<Unit filename="include/asio/detail/gcc_hppa_fenced_block.hpp" />
		<Unit filename="include/asio/detail/gcc_sync_fenced_block.hpp" />
		<Unit filename="include/asio/detail/gcc_x86_fenced_block.hpp" />
		<Unit filename="include/asio/detail/global.hpp" />
		<Unit filename="include/asio/detail/handler_alloc_helpers.hpp" />
		<Unit filename="include/asio/detail/handler_cont_helpers.hpp" />
		<Unit filename="include/asio/detail/handler_invoke_helpers.hpp" />
		<Unit filename="include/asio/detail/handler_tracking.hpp" />
		<Unit filename="include/asio/detail/handler_type_requirements.hpp" />
		<Unit filename="include/asio/detail/handler_work.hpp" />
		<Unit filename="include/asio/detail/hash_map.hpp" />
		<Unit filename="include/asio/detail/impl/dev_poll_reactor.hpp" />
		<Unit filename="include/asio/detail/impl/epoll_reactor.hpp" />
		<Unit filename="include/asio/detail/impl/kqueue_reactor.hpp" />
		<Unit filename="include/asio/detail/impl/select_reactor.hpp" />
		<Unit filename="include/asio/detail/impl/service_registry.hpp" />
		<Unit filename="include/asio/detail/impl/strand_executor_service.hpp" />
		<Unit filename="include/asio/detail/impl/strand_service.hpp" />
		<Unit filename="include/asio/detail/impl/win_iocp_io_context.hpp" />
		<Unit filename="include/asio/detail/impl/winrt_timer_scheduler.hpp" />
		<Unit filename="include/asio/detail/io_control.hpp" />
		<Unit filename="include/asio/detail/io_object_executor.hpp" />
		<Unit filename="include/asio/detail/io_object_impl.hpp" />
		<Unit filename="include/asio/detail/is_buffer_sequence.hpp" />
		<Unit filename="include/asio/detail/is_executor.hpp" />
		<Unit filename="include/asio/detail/keyword_tss_ptr.hpp" />
		<Unit filename="include/asio/detail/kqueue_reactor.hpp" />
		<Unit filename="include/asio/detail/limits.hpp" />
		<Unit filename="include/asio/detail/local_free_on_block_exit.hpp" />
		<Unit filename="include/asio/detail/macos_fenced_block.hpp" />
		<Unit filename="include/asio/detail/memory.hpp" />
		<Unit filename="include/asio/detail/mutex.hpp" />
		<Unit filename="include/asio/detail/non_const_lvalue.hpp" />
		<Unit filename="include/asio/detail/noncopyable.hpp" />
		<Unit filename="include/asio/detail/null_event.hpp" />
		<Unit filename="include/asio/detail/null_fenced_block.hpp" />
		<Unit filename="include/asio/detail/null_global.hpp" />
		<Unit filename="include/asio/detail/null_mutex.hpp" />
		<Unit filename="include/asio/detail/null_reactor.hpp" />
		<Unit filename="include/asio/detail/null_signal_blocker.hpp" />
		<Unit filename="include/asio/detail/null_socket_service.hpp" />
		<Unit filename="include/asio/detail/null_static_mutex.hpp" />
		<Unit filename="include/asio/detail/null_thread.hpp" />
		<Unit filename="include/asio/detail/null_tss_ptr.hpp" />
		<Unit filename="include/asio/detail/object_pool.hpp" />
		<Unit filename="include/asio/detail/old_win_sdk_compat.hpp" />
		<Unit filename="include/asio/detail/op_queue.hpp" />
		<Unit filename="include/asio/detail/operation.hpp" />
		<Unit filename="include/asio/detail/pipe_select_interrupter.hpp" />
		<Unit filename="include/asio/detail/pop_options.hpp" />
		<Unit filename="include/asio/detail/posix_event.hpp" />
		<Unit filename="include/asio/detail/posix_fd_set_adapter.hpp" />
		<Unit filename="include/asio/detail/posix_global.hpp" />
		<Unit filename="include/asio/detail/posix_mutex.hpp" />
		<Unit filename="include/asio/detail/posix_signal_blocker.hpp" />
		<Unit filename="include/asio/detail/posix_static_mutex.hpp" />
		<Unit filename="include/asio/detail/posix_thread.hpp" />
		<Unit filename="include/asio/detail/posix_tss_ptr.hpp" />
		<Unit filename="include/asio/detail/push_options.hpp" />
		<Unit filename="include/asio/detail/reactive_descriptor_service.hpp" />
		<Unit filename="include/asio/detail/reactive_null_buffers_op.hpp" />
		<Unit filename="include/asio/detail/reactive_serial_port_service.hpp" />
		<Unit filename="include/asio/detail/reactive_socket_accept_op.hpp" />
		<Unit filename="include/asio/detail/reactive_socket_connect_op.hpp" />
		<Unit filename="include/asio/detail/reactive_socket_recv_op.hpp" />
		<Unit filename="include/asio/detail/reactive_socket_recvfrom_op.hpp" />
		<Unit filename="include/asio/detail/reactive_socket_recvmsg_op.hpp" />
		<Unit filename="include/asio/detail/reactive_socket_send_op.hpp" />
		<Unit filename="include/asio/detail/reactive_socket_sendto_op.hpp" />
		<Unit filename="include/asio/detail/reactive_socket_service.hpp" />
		<Unit filename="include/asio/detail/reactive_socket_service_base.hpp" />
		<Unit filename="include/asio/detail/reactive_wait_op.hpp" />
		<Unit filename="include/asio/detail/reactor.hpp" />
		<Unit filename="include/asio/detail/reactor_fwd.hpp" />
		<Unit filename="include/asio/detail/reactor_op.hpp" />
		<Unit filename="include/asio/detail/reactor_op_queue.hpp" />
		<Unit filename="include/asio/detail/recycling_allocator.hpp" />
		<Unit filename="include/asio/detail/regex_fwd.hpp" />
		<Unit filename="include/asio/detail/resolve_endpoint_op.hpp" />
		<Unit filename="include/asio/detail/resolve_op.hpp" />
		<Unit filename="include/asio/detail/resolve_query_op.hpp" />
		<Unit filename="include/asio/detail/resolver_service.hpp" />
		<Unit filename="include/asio/detail/resolver_service_base.hpp" />
		<Unit filename="include/asio/detail/scheduler.hpp" />
		<Unit filename="include/asio/detail/scheduler_operation.hpp" />
		<Unit filename="include/asio/detail/scheduler_thread_info.hpp" />
		<Unit filename="include/asio/detail/scoped_lock.hpp" />
		<Unit filename="include/asio/detail/scoped_ptr.hpp" />
		<Unit filename="include/asio/detail/select_interrupter.hpp" />
		<Unit filename="include/asio/detail/select_reactor.hpp" />
		<Unit filename="include/asio/detail/service_registry.hpp" />
		<Unit filename="include/asio/detail/signal_blocker.hpp" />
		<Unit filename="include/asio/detail/signal_handler.hpp" />
		<Unit filename="include/asio/detail/signal_init.hpp" />
		<Unit filename="include/asio/detail/signal_op.hpp" />
		<Unit filename="include/asio/detail/signal_set_service.hpp" />
		<Unit filename="include/asio/detail/socket_holder.hpp" />
		<Unit filename="include/asio/detail/socket_ops.hpp" />
		<Unit filename="include/asio/detail/socket_option.hpp" />
		<Unit filename="include/asio/detail/socket_select_interrupter.hpp" />
		<Unit filename="include/asio/detail/socket_types.hpp" />
		<Unit filename="include/asio/detail/solaris_fenced_block.hpp" />
		<Unit filename="include/asio/detail/static_mutex.hpp" />
		<Unit filename="include/asio/detail/std_event.hpp" />
		<Unit filename="include/asio/detail/std_fenced_block.hpp" />
		<Unit filename="include/asio/detail/std_global.hpp" />
		<Unit filename="include/asio/detail/std_mutex.hpp" />
		<Unit filename="include/asio/detail/std_static_mutex.hpp" />
		<Unit filename="include/asio/detail/std_thread.hpp" />
		<Unit filename="include/asio/detail/strand_executor_service.hpp" />
		<Unit filename="include/asio/detail/strand_service.hpp" />
		<Unit filename="include/asio/detail/string_view.hpp" />
		<Unit filename="include/asio/detail/thread.hpp" />
		<Unit filename="include/asio/detail/thread_context.hpp" />
		<Unit filename="include/asio/detail/thread_group.hpp" />
		<Unit filename="include/asio/detail/thread_info_base.hpp" />
		<Unit filename="include/asio/detail/throw_error.hpp" />
		<Unit filename="include/asio/detail/throw_exception.hpp" />
		<Unit filename="include/asio/detail/timer_queue.hpp" />
		<Unit filename="include/asio/detail/timer_queue_base.hpp" />
		<Unit filename="include/asio/detail/timer_queue_ptime.hpp" />
		<Unit filename="include/asio/detail/timer_queue_set.hpp" />
		<Unit filename="include/asio/detail/timer_scheduler.hpp" />
		<Unit filename="include/asio/detail/timer_scheduler_fwd.hpp" />
		<Unit filename="include/asio/detail/tss_ptr.hpp" />
		<Unit filename="include/asio/detail/type_traits.hpp" />
		<Unit filename="include/asio/detail/variadic_templates.hpp" />
		<Unit filename="include/asio/detail/wait_handler.hpp" />
		<Unit filename="include/asio/detail/wait_op.hpp" />
		<Unit filename="include/asio/detail/win_event.hpp" />
		<Unit filename="include/asio/detail/win_fd_set_adapter.hpp" />
		<Unit filename="include/asio/detail/win_fenced_block.hpp" />
		<Unit filename="include/asio/detail/win_global.hpp" />
		<Unit filename="include/asio/detail/win_iocp_handle_read_op.hpp" />
		<Unit filename="include/asio/detail/win_iocp_handle_service.hpp" />
		<Unit filename="include/asio/detail/win_iocp_handle_write_op.hpp" />
		<Unit filename="include/asio/detail/win_iocp_io_context.hpp" />
		<Unit filename="include/asio/detail/win_iocp_null_buffers_op.hpp" />
		<Unit filename="include/asio/detail/win_iocp_operation.hpp" />
		<Unit filename="include/asio/detail/win_iocp_overlapped_op.hpp" />
		<Unit filename="include/asio/detail/win_iocp_overlapped_ptr.hpp" />
		<Unit filename="include/asio/detail/win_iocp_serial_port_service.hpp" />
		<Unit filename="include/asio/detail/win_iocp_socket_accept_op.hpp" />
		<Unit filename="include/asio/detail/win_iocp_socket_connect_op.hpp" />
		<Unit filename="include/asio/detail/win_iocp_socket_recv_op.hpp" />
		<Unit filename="include/asio/detail/win_iocp_socket_recvfrom_op.hpp" />
		<Unit filename="include/asio/detail/win_iocp_socket_recvmsg_op.hpp" />
		<Unit filename="include/asio/detail/win_iocp_socket_send_op.hpp" />
		<Unit filename="include/asio/detail/win_iocp_socket_service.hpp" />
		<Unit filename="include/asio/detail/win_iocp_socket_service_base.hpp" />
		<Unit filename="include/asio/detail/win_iocp_thread_info.hpp" />
		<Unit filename="include/asio/detail/win_iocp_wait_op.hpp" />
		<Unit filename="include/asio/detail/win_mutex.hpp" />
		<Unit filename="include/asio/detail/win_object_handle_service.hpp" />
		<Unit filename="include/asio/detail/win_static_mutex.hpp" />
		<Unit filename="include/asio/detail/win_thread.hpp" />
		<Unit filename="include/asio/detail/win_tss_ptr.hpp" />
		<Unit filename="include/asio/detail/winapp_thread.hpp" />
		<Unit filename="include/asio/detail/wince_thread.hpp" />
		<Unit filename="include/asio/detail/winrt_async_manager.hpp" />
		<Unit filename="include/asio/detail/winrt_async_op.hpp" />
		<Unit filename="include/asio/detail/winrt_resolve_op.hpp" />
		<Unit filename="include/asio/detail/winrt_resolver_service.hpp" />
		<Unit filename="include/asio/detail/winrt_socket_connect_op.hpp" />
		<Unit filename="include/asio/detail/winrt_socket_recv_op.hpp" />
		<Unit filename="include/asio/detail/winrt_socket_send_op.hpp" />
		<Unit filename="include/asio/detail/winrt_ssocket_service.hpp" />
		<Unit filename="include/asio/detail/winrt_ssocket_service_base.hpp" />
		<Unit filename="include/asio/detail/winrt_timer_scheduler.hpp" />
		<Unit filename="include/asio/detail/winrt_utils.hpp" />
		<Unit filename="include/asio/detail/winsock_init.hpp" />
		<Unit filename="include/asio/detail/work_dispatcher.hpp" />
		<Unit filename="include/asio/detail/wrapped_handler.hpp" />
		<Unit filename="include/asio/dispatch.hpp" />
		<Unit filename="include/asio/error.hpp" />
		<Unit filename="include/asio/error_code.hpp" />
		<Unit filename="include/asio/execution_context.hpp" />
		<Unit filename="include/asio/executor.hpp" />
		<Unit filename="include/asio/executor_work_guard.hpp" />
		<Unit filename="include/asio/generic/basic_endpoint.hpp" />
		<Unit filename="include/asio/generic/datagram_protocol.hpp" />
		<Unit filename="include/asio/generic/detail/endpoint.hpp" />
		<Unit filename="include/asio/generic/raw_protocol.hpp" />
		<Unit filename="include/asio/generic/seq_packet_protocol.hpp" />
		<Unit filename="include/asio/generic/stream_protocol.hpp" />
		<Unit filename="include/asio/handler_alloc_hook.hpp" />
		<Unit filename="include/asio/handler_continuation_hook.hpp" />
		<Unit filename="include/asio/handler_invoke_hook.hpp" />
		<Unit filename="include/asio/high_resolution_timer.hpp" />
		<Unit filename="include/asio/impl/awaitable.hpp" />
		<Unit filename="include/asio/impl/buffered_read_stream.hpp" />
		<Unit filename="include/asio/impl/buffered_write_stream.hpp" />
		<Unit filename="include/asio/impl/co_spawn.hpp" />
		<Unit filename="include/asio/impl/compose.hpp" />
		<Unit filename="include/asio/impl/connect.hpp" />
		<Unit filename="include/asio/impl/defer.hpp" />
		<Unit filename="include/asio/impl/detached.hpp" />
		<Unit filename="include/asio/impl/dispatch.hpp" />
		<Unit filename="include/asio/impl/execution_context.hpp" />
		<Unit filename="include/asio/impl/executor.hpp" />
		<Unit filename="include/asio/impl/io_context.hpp" />
		<Unit filename="include/asio/impl/post.hpp" />
		<Unit filename="include/asio/impl/read.hpp" />
		<Unit filename="include/asio/impl/read_at.hpp" />
		<Unit filename="include/asio/impl/read_until.hpp" />
		<Unit filename="include/asio/impl/redirect_error.hpp" />
		<Unit filename="include/asio/impl/serial_port_base.hpp" />
		<Unit filename="include/asio/impl/spawn.hpp" />
		<Unit filename="include/asio/impl/src.hpp" />
		<Unit filename="include/asio/impl/system_context.hpp" />
		<Unit filename="include/asio/impl/system_executor.hpp" />
		<Unit filename="include/asio/impl/thread_pool.hpp" />
		<Unit filename="include/asio/impl/use_awaitable.hpp" />
		<Unit filename="include/asio/impl/use_future.hpp" />
		<Unit filename="include/asio/impl/write.hpp" />
		<Unit filename="include/asio/impl/write_at.hpp" />
		<Unit filename="include/asio/io_context.hpp" />
		<Unit filename="include/asio/io_context_strand.hpp" />
		<Unit filename="include/asio/io_service.hpp" />
		<Unit filename="include/asio/io_service_strand.hpp" />
		<Unit filename="include/asio/ip/address.hpp" />
		<Unit filename="include/asio/ip/address_v4.hpp" />
		<Unit filename="include/asio/ip/address_v4_iterator.hpp" />
		<Unit filename="include/asio/ip/address_v4_range.hpp" />
		<Unit filename="include/asio/ip/address_v6.hpp" />
		<Unit filename="include/asio/ip/address_v6_iterator.hpp" />
		<Unit filename="include/asio/ip/address_v6_range.hpp" />
		<Unit filename="include/asio/ip/bad_address_cast.hpp" />
		<Unit filename="include/asio/ip/basic_endpoint.hpp" />
		<Unit filename="include/asio/ip/basic_resolver.hpp" />
		<Unit filename="include/asio/ip/basic_resolver_entry.hpp" />
		<Unit filename="include/asio/ip/basic_resolver_iterator.hpp" />
		<Unit filename="include/asio/ip/basic_resolver_query.hpp" />
		<Unit filename="include/asio/ip/basic_resolver_results.hpp" />
		<Unit filename="include/asio/ip/detail/endpoint.hpp" />
		<Unit filename="include/asio/ip/detail/socket_option.hpp" />
		<Unit filename="include/asio/ip/host_name.hpp" />
		<Unit filename="include/asio/ip/icmp.hpp" />
		<Unit filename="include/asio/ip/impl/address.hpp" />
		<Unit filename="include/asio/ip/impl/address_v4.hpp" />
		<Unit filename="include/asio/ip/impl/address_v6.hpp" />
		<Unit filename="include/asio/ip/impl/basic_endpoint.hpp" />
		<Unit filename="include/asio/ip/impl/network_v4.hpp" />
		<Unit filename="include/asio/ip/impl/network_v6.hpp" />
		<Unit filename="include/asio/ip/multicast.hpp" />
		<Unit filename="include/asio/ip/network_v4.hpp" />
		<Unit filename="include/asio/ip/network_v6.hpp" />
		<Unit filename="include/asio/ip/resolver_base.hpp" />
		<Unit filename="include/asio/ip/resolver_query_base.hpp" />
		<Unit filename="include/asio/ip/tcp.hpp" />
		<Unit filename="include/asio/ip/udp.hpp" />
		<Unit filename="include/asio/ip/unicast.hpp" />
		<Unit filename="include/asio/ip/v6_only.hpp" />
		<Unit filename="include/asio/is_executor.hpp" />
		<Unit filename="include/asio/is_read_buffered.hpp" />
		<Unit filename="include/asio/is_write_buffered.hpp" />
		<Unit filename="include/asio/local/basic_endpoint.hpp" />
		<Unit filename="include/asio/local/connect_pair.hpp" />
		<Unit filename="include/asio/local/datagram_protocol.hpp" />
		<Unit filename="include/asio/local/detail/endpoint.hpp" />
		<Unit filename="include/asio/local/stream_protocol.hpp" />
		<Unit filename="include/asio/packaged_task.hpp" />
		<Unit filename="include/asio/placeholders.hpp" />
		<Unit filename="include/asio/posix/basic_descriptor.hpp" />
		<Unit filename="include/asio/posix/basic_stream_descriptor.hpp" />
		<Unit filename="include/asio/posix/descriptor.hpp" />
		<Unit filename="include/asio/posix/descriptor_base.hpp" />
		<Unit filename="include/asio/posix/stream_descriptor.hpp" />
		<Unit filename="include/asio/post.hpp" />
		<Unit filename="include/asio/read.hpp" />
		<Unit filename="include/asio/read_at.hpp" />
		<Unit filename="include/asio/read_until.hpp" />
		<Unit filename="include/asio/redirect_error.hpp" />
		<Unit filename="include/asio/serial_port.hpp" />
		<Unit filename="include/asio/serial_port_base.hpp" />
		<Unit filename="include/asio/signal_set.hpp" />
		<Unit filename="include/asio/socket_base.hpp" />
		<Unit filename="include/asio/spawn.hpp" />
		<Unit filename="include/asio/ssl.hpp" />
		<Unit filename="include/asio/ssl/context.hpp" />
		<Unit filename="include/asio/ssl/context_base.hpp" />
		<Unit filename="include/asio/ssl/detail/buffered_handshake_op.hpp" />
		<Unit filename="include/asio/ssl/detail/engine.hpp" />
		<Unit filename="include/asio/ssl/detail/handshake_op.hpp" />
		<Unit filename="include/asio/ssl/detail/io.hpp" />
		<Unit filename="include/asio/ssl/detail/openssl_init.hpp" />
		<Unit filename="include/asio/ssl/detail/openssl_types.hpp" />
		<Unit filename="include/asio/ssl/detail/password_callback.hpp" />
		<Unit filename="include/asio/ssl/detail/read_op.hpp" />
		<Unit filename="include/asio/ssl/detail/shutdown_op.hpp" />
		<Unit filename="include/asio/ssl/detail/stream_core.hpp" />
		<Unit filename="include/asio/ssl/detail/verify_callback.hpp" />
		<Unit filename="include/asio/ssl/detail/write_op.hpp" />
		<Unit filename="include/asio/ssl/error.hpp" />
		<Unit filename="include/asio/ssl/host_name_verification.hpp" />
		<Unit filename="include/asio/ssl/impl/context.hpp" />
		<Unit filename="include/asio/ssl/impl/src.hpp" />
		<Unit filename="include/asio/ssl/rfc2818_verification.hpp" />
		<Unit filename="include/asio/ssl/stream.hpp" />
		<Unit filename="include/asio/ssl/stream_base.hpp" />
		<Unit filename="include/asio/ssl/verify_context.hpp" />
		<Unit filename="include/asio/ssl/verify_mode.hpp" />
		<Unit filename="include/asio/steady_timer.hpp" />
		<Unit filename="include/asio/strand.hpp" />
		<Unit filename="include/asio/streambuf.hpp" />
		<Unit filename="include/asio/system_context.hpp" />
		<Unit filename="include/asio/system_error.hpp" />
		<Unit filename="include/asio/system_executor.hpp" />
		<Unit filename="include/asio/system_timer.hpp" />
		<Unit filename="include/asio/this_coro.hpp" />
		<Unit filename="include/asio/thread.hpp" />
		<Unit filename="include/asio/thread_pool.hpp" />
		<Unit filename="include/asio/time_traits.hpp" />
		<Unit filename="include/asio/ts/buffer.hpp" />
		<Unit filename="include/asio/ts/executor.hpp" />
		<Unit filename="include/asio/ts/internet.hpp" />
		<Unit filename="include/asio/ts/io_context.hpp" />
		<Unit filename="include/asio/ts/net.hpp" />
		<Unit filename="include/asio/ts/netfwd.hpp" />
		<Unit filename="include/asio/ts/socket.hpp" />
		<Unit filename="include/asio/ts/timer.hpp" />
		<Unit filename="include/asio/unyield.hpp" />
		<Unit filename="include/asio/use_awaitable.hpp" />
		<Unit filename="include/asio/use_future.hpp" />
		<Unit filename="include/asio/uses_executor.hpp" />
		<Unit filename="include/asio/version.hpp" />
		<Unit filename="include/asio/wait_traits.hpp" />
		<Unit filename="include/asio/windows/basic_object_handle.hpp" />
		<Unit filename="include/asio/windows/basic_overlapped_handle.hpp" />
		<Unit filename="include/asio/windows/basic_random_access_handle.hpp" />
		<Unit filename="include/asio/windows/basic_stream_handle.hpp" />
		<Unit filename="include/asio/windows/object_handle.hpp" />
		<Unit filename="include/asio/windows/overlapped_handle.hpp" />
		<Unit filename="include/asio/windows/overlapped_ptr.hpp" />
		<Unit filename="include/asio/windows/random_access_handle.hpp" />
		<Unit filename="include/asio/windows/stream_handle.hpp" />
		<Unit filename="include/asio/write.hpp" />
		<Unit filename="include/asio/write_at.hpp" />
		<Unit filename="include/asio/yield.hpp" />
		<Unit filename="include/include_opencv.h" />
		<Unit filename="include/opencv2/calib3d.hpp" />
		<Unit filename="include/opencv2/calib3d/calib3d.hpp" />
		<Unit filename="include/opencv2/calib3d/calib3d_c.h" />
		<Unit filename="include/opencv2/core.hpp" />
		<Unit filename="include/opencv2/core/affine.hpp" />
		<Unit filename="include/opencv2/core/async.hpp" />
		<Unit filename="include/opencv2/core/base.hpp" />
		<Unit filename="include/opencv2/core/bindings_utils.hpp" />
		<Unit filename="include/opencv2/core/bufferpool.hpp" />
		<Unit filename="include/opencv2/core/check.hpp" />
		<Unit filename="include/opencv2/core/core.hpp" />
		<Unit filename="include/opencv2/core/core_c.h" />
		<Unit filename="include/opencv2/core/cuda.hpp" />
		<Unit filename="include/opencv2/core/cuda.inl.hpp" />
		<Unit filename="include/opencv2/core/cuda/block.hpp" />
		<Unit filename="include/opencv2/core/cuda/border_interpolate.hpp" />
		<Unit filename="include/opencv2/core/cuda/color.hpp" />
		<Unit filename="include/opencv2/core/cuda/common.hpp" />
		<Unit filename="include/opencv2/core/cuda/datamov_utils.hpp" />
		<Unit filename="include/opencv2/core/cuda/detail/color_detail.hpp" />
		<Unit filename="include/opencv2/core/cuda/detail/reduce.hpp" />
		<Unit filename="include/opencv2/core/cuda/detail/reduce_key_val.hpp" />
		<Unit filename="include/opencv2/core/cuda/detail/transform_detail.hpp" />
		<Unit filename="include/opencv2/core/cuda/detail/type_traits_detail.hpp" />
		<Unit filename="include/opencv2/core/cuda/detail/vec_distance_detail.hpp" />
		<Unit filename="include/opencv2/core/cuda/dynamic_smem.hpp" />
		<Unit filename="include/opencv2/core/cuda/emulation.hpp" />
		<Unit filename="include/opencv2/core/cuda/filters.hpp" />
		<Unit filename="include/opencv2/core/cuda/funcattrib.hpp" />
		<Unit filename="include/opencv2/core/cuda/functional.hpp" />
		<Unit filename="include/opencv2/core/cuda/limits.hpp" />
		<Unit filename="include/opencv2/core/cuda/reduce.hpp" />
		<Unit filename="include/opencv2/core/cuda/saturate_cast.hpp" />
		<Unit filename="include/opencv2/core/cuda/scan.hpp" />
		<Unit filename="include/opencv2/core/cuda/simd_functions.hpp" />
		<Unit filename="include/opencv2/core/cuda/transform.hpp" />
		<Unit filename="include/opencv2/core/cuda/type_traits.hpp" />
		<Unit filename="include/opencv2/core/cuda/utility.hpp" />
		<Unit filename="include/opencv2/core/cuda/vec_distance.hpp" />
		<Unit filename="include/opencv2/core/cuda/vec_math.hpp" />
		<Unit filename="include/opencv2/core/cuda/vec_traits.hpp" />
		<Unit filename="include/opencv2/core/cuda/warp.hpp" />
		<Unit filename="include/opencv2/core/cuda/warp_reduce.hpp" />
		<Unit filename="include/opencv2/core/cuda/warp_shuffle.hpp" />
		<Unit filename="include/opencv2/core/cuda_stream_accessor.hpp" />
		<Unit filename="include/opencv2/core/cuda_types.hpp" />
		<Unit filename="include/opencv2/core/cv_cpu_dispatch.h" />
		<Unit filename="include/opencv2/core/cv_cpu_helper.h" />
		<Unit filename="include/opencv2/core/cvdef.h" />
		<Unit filename="include/opencv2/core/cvstd.hpp" />
		<Unit filename="include/opencv2/core/cvstd.inl.hpp" />
		<Unit filename="include/opencv2/core/cvstd_wrapper.hpp" />
		<Unit filename="include/opencv2/core/detail/async_promise.hpp" />
		<Unit filename="include/opencv2/core/detail/exception_ptr.hpp" />
		<Unit filename="include/opencv2/core/directx.hpp" />
		<Unit filename="include/opencv2/core/eigen.hpp" />
		<Unit filename="include/opencv2/core/fast_math.hpp" />
		<Unit filename="include/opencv2/core/hal/hal.hpp" />
		<Unit filename="include/opencv2/core/hal/interface.h" />
		<Unit filename="include/opencv2/core/hal/intrin.hpp" />
		<Unit filename="include/opencv2/core/hal/intrin_avx.hpp" />
		<Unit filename="include/opencv2/core/hal/intrin_avx512.hpp" />
		<Unit filename="include/opencv2/core/hal/intrin_cpp.hpp" />
		<Unit filename="include/opencv2/core/hal/intrin_forward.hpp" />
		<Unit filename="include/opencv2/core/hal/intrin_msa.hpp" />
		<Unit filename="include/opencv2/core/hal/intrin_neon.hpp" />
		<Unit filename="include/opencv2/core/hal/intrin_sse.hpp" />
		<Unit filename="include/opencv2/core/hal/intrin_sse_em.hpp" />
		<Unit filename="include/opencv2/core/hal/intrin_vsx.hpp" />
		<Unit filename="include/opencv2/core/hal/intrin_wasm.hpp" />
		<Unit filename="include/opencv2/core/hal/msa_macros.h" />
		<Unit filename="include/opencv2/core/hal/simd_utils.impl.hpp" />
		<Unit filename="include/opencv2/core/mat.hpp" />
		<Unit filename="include/opencv2/core/mat.inl.hpp" />
		<Unit filename="include/opencv2/core/matx.hpp" />
		<Unit filename="include/opencv2/core/neon_utils.hpp" />
		<Unit filename="include/opencv2/core/ocl.hpp" />
		<Unit filename="include/opencv2/core/ocl_genbase.hpp" />
		<Unit filename="include/opencv2/core/opencl/ocl_defs.hpp" />
		<Unit filename="include/opencv2/core/opencl/opencl_info.hpp" />
		<Unit filename="include/opencv2/core/opencl/opencl_svm.hpp" />
		<Unit filename="include/opencv2/core/opencl/runtime/autogenerated/opencl_clamdblas.hpp" />
		<Unit filename="include/opencv2/core/opencl/runtime/autogenerated/opencl_clamdfft.hpp" />
		<Unit filename="include/opencv2/core/opencl/runtime/autogenerated/opencl_core.hpp" />
		<Unit filename="include/opencv2/core/opencl/runtime/autogenerated/opencl_core_wrappers.hpp" />
		<Unit filename="include/opencv2/core/opencl/runtime/autogenerated/opencl_gl.hpp" />
		<Unit filename="include/opencv2/core/opencl/runtime/autogenerated/opencl_gl_wrappers.hpp" />
		<Unit filename="include/opencv2/core/opencl/runtime/opencl_clamdblas.hpp" />
		<Unit filename="include/opencv2/core/opencl/runtime/opencl_clamdfft.hpp" />
		<Unit filename="include/opencv2/core/opencl/runtime/opencl_core.hpp" />
		<Unit filename="include/opencv2/core/opencl/runtime/opencl_core_wrappers.hpp" />
		<Unit filename="include/opencv2/core/opencl/runtime/opencl_gl.hpp" />
		<Unit filename="include/opencv2/core/opencl/runtime/opencl_gl_wrappers.hpp" />
		<Unit filename="include/opencv2/core/opencl/runtime/opencl_svm_20.hpp" />
		<Unit filename="include/opencv2/core/opencl/runtime/opencl_svm_definitions.hpp" />
		<Unit filename="include/opencv2/core/opencl/runtime/opencl_svm_hsa_extension.hpp" />
		<Unit filename="include/opencv2/core/opengl.hpp" />
		<Unit filename="include/opencv2/core/operations.hpp" />
		<Unit filename="include/opencv2/core/optim.hpp" />
		<Unit filename="include/opencv2/core/ovx.hpp" />
		<Unit filename="include/opencv2/core/persistence.hpp" />
		<Unit filename="include/opencv2/core/saturate.hpp" />
		<Unit filename="include/opencv2/core/simd_intrinsics.hpp" />
		<Unit filename="include/opencv2/core/softfloat.hpp" />
		<Unit filename="include/opencv2/core/sse_utils.hpp" />
		<Unit filename="include/opencv2/core/traits.hpp" />
		<Unit filename="include/opencv2/core/types.hpp" />
		<Unit filename="include/opencv2/core/types_c.h" />
		<Unit filename="include/opencv2/core/utility.hpp" />
		<Unit filename="include/opencv2/core/utils/allocator_stats.hpp" />
		<Unit filename="include/opencv2/core/utils/allocator_stats.impl.hpp" />
		<Unit filename="include/opencv2/core/utils/filesystem.hpp" />
		<Unit filename="include/opencv2/core/utils/instrumentation.hpp" />
		<Unit filename="include/opencv2/core/utils/logger.defines.hpp" />
		<Unit filename="include/opencv2/core/utils/logger.hpp" />
		<Unit filename="include/opencv2/core/utils/logtag.hpp" />
		<Unit filename="include/opencv2/core/utils/tls.hpp" />
		<Unit filename="include/opencv2/core/utils/trace.hpp" />
		<Unit filename="include/opencv2/core/va_intel.hpp" />
		<Unit filename="include/opencv2/core/version.hpp" />
		<Unit filename="include/opencv2/core/vsx_utils.hpp" />
		<Unit filename="include/opencv2/cvconfig.h" />
		<Unit filename="include/opencv2/dnn.hpp" />
		<Unit filename="include/opencv2/dnn/all_layers.hpp" />
		<Unit filename="include/opencv2/dnn/dict.hpp" />
		<Unit filename="include/opencv2/dnn/dnn.hpp" />
		<Unit filename="include/opencv2/dnn/dnn.inl.hpp" />
		<Unit filename="include/opencv2/dnn/layer.details.hpp" />
		<Unit filename="include/opencv2/dnn/layer.hpp" />
		<Unit filename="include/opencv2/dnn/shape_utils.hpp" />
		<Unit filename="include/opencv2/dnn/utils/inference_engine.hpp" />
		<Unit filename="include/opencv2/dnn/version.hpp" />
		<Unit filename="include/opencv2/features2d.hpp" />
		<Unit filename="include/opencv2/features2d/features2d.hpp" />
		<Unit filename="include/opencv2/features2d/hal/interface.h" />
		<Unit filename="include/opencv2/flann.hpp" />
		<Unit filename="include/opencv2/flann/all_indices.h" />
		<Unit filename="include/opencv2/flann/allocator.h" />
		<Unit filename="include/opencv2/flann/any.h" />
		<Unit filename="include/opencv2/flann/autotuned_index.h" />
		<Unit filename="include/opencv2/flann/composite_index.h" />
		<Unit filename="include/opencv2/flann/config.h" />
		<Unit filename="include/opencv2/flann/defines.h" />
		<Unit filename="include/opencv2/flann/dist.h" />
		<Unit filename="include/opencv2/flann/dummy.h" />
		<Unit filename="include/opencv2/flann/dynamic_bitset.h" />
		<Unit filename="include/opencv2/flann/flann.hpp" />
		<Unit filename="include/opencv2/flann/flann_base.hpp" />
		<Unit filename="include/opencv2/flann/general.h" />
		<Unit filename="include/opencv2/flann/ground_truth.h" />
		<Unit filename="include/opencv2/flann/hdf5.h" />
		<Unit filename="include/opencv2/flann/heap.h" />
		<Unit filename="include/opencv2/flann/hierarchical_clustering_index.h" />
		<Unit filename="include/opencv2/flann/index_testing.h" />
		<Unit filename="include/opencv2/flann/kdtree_index.h" />
		<Unit filename="include/opencv2/flann/kdtree_single_index.h" />
		<Unit filename="include/opencv2/flann/kmeans_index.h" />
		<Unit filename="include/opencv2/flann/linear_index.h" />
		<Unit filename="include/opencv2/flann/logger.h" />
		<Unit filename="include/opencv2/flann/lsh_index.h" />
		<Unit filename="include/opencv2/flann/lsh_table.h" />
		<Unit filename="include/opencv2/flann/matrix.h" />
		<Unit filename="include/opencv2/flann/miniflann.hpp" />
		<Unit filename="include/opencv2/flann/nn_index.h" />
		<Unit filename="include/opencv2/flann/object_factory.h" />
		<Unit filename="include/opencv2/flann/params.h" />
		<Unit filename="include/opencv2/flann/random.h" />
		<Unit filename="include/opencv2/flann/result_set.h" />
		<Unit filename="include/opencv2/flann/sampling.h" />
		<Unit filename="include/opencv2/flann/saving.h" />
		<Unit filename="include/opencv2/flann/simplex_downhill.h" />
		<Unit filename="include/opencv2/flann/timer.h" />
		<Unit filename="include/opencv2/gapi.hpp" />
		<Unit filename="include/opencv2/gapi/core.hpp" />
		<Unit filename="include/opencv2/gapi/cpu/core.hpp" />
		<Unit filename="include/opencv2/gapi/cpu/gcpukernel.hpp" />
		<Unit filename="include/opencv2/gapi/cpu/imgproc.hpp" />
		<Unit filename="include/opencv2/gapi/fluid/core.hpp" />
		<Unit filename="include/opencv2/gapi/fluid/gfluidbuffer.hpp" />
		<Unit filename="include/opencv2/gapi/fluid/gfluidkernel.hpp" />
		<Unit filename="include/opencv2/gapi/fluid/imgproc.hpp" />
		<Unit filename="include/opencv2/gapi/garg.hpp" />
		<Unit filename="include/opencv2/gapi/garray.hpp" />
		<Unit filename="include/opencv2/gapi/gasync_context.hpp" />
		<Unit filename="include/opencv2/gapi/gcall.hpp" />
		<Unit filename="include/opencv2/gapi/gcommon.hpp" />
		<Unit filename="include/opencv2/gapi/gcompiled.hpp" />
		<Unit filename="include/opencv2/gapi/gcompiled_async.hpp" />
		<Unit filename="include/opencv2/gapi/gcompoundkernel.hpp" />
		<Unit filename="include/opencv2/gapi/gcomputation.hpp" />
		<Unit filename="include/opencv2/gapi/gcomputation_async.hpp" />
		<Unit filename="include/opencv2/gapi/gkernel.hpp" />
		<Unit filename="include/opencv2/gapi/gmat.hpp" />
		<Unit filename="include/opencv2/gapi/gmetaarg.hpp" />
		<Unit filename="include/opencv2/gapi/gopaque.hpp" />
		<Unit filename="include/opencv2/gapi/gproto.hpp" />
		<Unit filename="include/opencv2/gapi/gpu/core.hpp" />
		<Unit filename="include/opencv2/gapi/gpu/ggpukernel.hpp" />
		<Unit filename="include/opencv2/gapi/gpu/imgproc.hpp" />
		<Unit filename="include/opencv2/gapi/gscalar.hpp" />
		<Unit filename="include/opencv2/gapi/gstreaming.hpp" />
		<Unit filename="include/opencv2/gapi/gtransform.hpp" />
		<Unit filename="include/opencv2/gapi/gtype_traits.hpp" />
		<Unit filename="include/opencv2/gapi/gtyped.hpp" />
		<Unit filename="include/opencv2/gapi/imgproc.hpp" />
		<Unit filename="include/opencv2/gapi/infer.hpp" />
		<Unit filename="include/opencv2/gapi/infer/ie.hpp" />
		<Unit filename="include/opencv2/gapi/ocl/core.hpp" />
		<Unit filename="include/opencv2/gapi/ocl/goclkernel.hpp" />
		<Unit filename="include/opencv2/gapi/ocl/imgproc.hpp" />
		<Unit filename="include/opencv2/gapi/opencv_includes.hpp" />
		<Unit filename="include/opencv2/gapi/operators.hpp" />
		<Unit filename="include/opencv2/gapi/own/assert.hpp" />
		<Unit filename="include/opencv2/gapi/own/convert.hpp" />
		<Unit filename="include/opencv2/gapi/own/cvdefs.hpp" />
		<Unit filename="include/opencv2/gapi/own/exports.hpp" />
		<Unit filename="include/opencv2/gapi/own/mat.hpp" />
		<Unit filename="include/opencv2/gapi/own/saturate.hpp" />
		<Unit filename="include/opencv2/gapi/own/scalar.hpp" />
		<Unit filename="include/opencv2/gapi/own/types.hpp" />
		<Unit filename="include/opencv2/gapi/plaidml/core.hpp" />
		<Unit filename="include/opencv2/gapi/plaidml/gplaidmlkernel.hpp" />
		<Unit filename="include/opencv2/gapi/plaidml/plaidml.hpp" />
		<Unit filename="include/opencv2/gapi/render.hpp" />
		<Unit filename="include/opencv2/gapi/render/render.hpp" />
		<Unit filename="include/opencv2/gapi/streaming/cap.hpp" />
		<Unit filename="include/opencv2/gapi/streaming/source.hpp" />
		<Unit filename="include/opencv2/gapi/util/any.hpp" />
		<Unit filename="include/opencv2/gapi/util/compiler_hints.hpp" />
		<Unit filename="include/opencv2/gapi/util/optional.hpp" />
		<Unit filename="include/opencv2/gapi/util/throw.hpp" />
		<Unit filename="include/opencv2/gapi/util/util.hpp" />
		<Unit filename="include/opencv2/gapi/util/variant.hpp" />
		<Unit filename="include/opencv2/highgui.hpp" />
		<Unit filename="include/opencv2/highgui/highgui.hpp" />
		<Unit filename="include/opencv2/highgui/highgui_c.h" />
		<Unit filename="include/opencv2/imgcodecs.hpp" />
		<Unit filename="include/opencv2/imgcodecs/imgcodecs.hpp" />
		<Unit filename="include/opencv2/imgcodecs/imgcodecs_c.h" />
		<Unit filename="include/opencv2/imgcodecs/ios.h" />
		<Unit filename="include/opencv2/imgcodecs/legacy/constants_c.h" />
		<Unit filename="include/opencv2/imgproc.hpp" />
		<Unit filename="include/opencv2/imgproc/detail/gcgraph.hpp" />
		<Unit filename="include/opencv2/imgproc/hal/hal.hpp" />
		<Unit filename="include/opencv2/imgproc/hal/interface.h" />
		<Unit filename="include/opencv2/imgproc/imgproc.hpp" />
		<Unit filename="include/opencv2/imgproc/imgproc_c.h" />
		<Unit filename="include/opencv2/imgproc/types_c.h" />
		<Unit filename="include/opencv2/ml.hpp" />
		<Unit filename="include/opencv2/ml/ml.hpp" />
		<Unit filename="include/opencv2/ml/ml.inl.hpp" />
		<Unit filename="include/opencv2/objdetect.hpp" />
		<Unit filename="include/opencv2/objdetect/detection_based_tracker.hpp" />
		<Unit filename="include/opencv2/objdetect/objdetect.hpp" />
		<Unit filename="include/opencv2/opencv.hpp" />
		<Unit filename="include/opencv2/opencv_modules.hpp" />
		<Unit filename="include/opencv2/photo.hpp" />
		<Unit filename="include/opencv2/photo/cuda.hpp" />
		<Unit filename="include/opencv2/photo/legacy/constants_c.h" />
		<Unit filename="include/opencv2/photo/photo.hpp" />
		<Unit filename="include/opencv2/stitching.hpp" />
		<Unit filename="include/opencv2/stitching/detail/autocalib.hpp" />
		<Unit filename="include/opencv2/stitching/detail/blenders.hpp" />
		<Unit filename="include/opencv2/stitching/detail/camera.hpp" />
		<Unit filename="include/opencv2/stitching/detail/exposure_compensate.hpp" />
		<Unit filename="include/opencv2/stitching/detail/matchers.hpp" />
		<Unit filename="include/opencv2/stitching/detail/motion_estimators.hpp" />
		<Unit filename="include/opencv2/stitching/detail/seam_finders.hpp" />
		<Unit filename="include/opencv2/stitching/detail/timelapsers.hpp" />
		<Unit filename="include/opencv2/stitching/detail/util.hpp" />
		<Unit filename="include/opencv2/stitching/detail/util_inl.hpp" />
		<Unit filename="include/opencv2/stitching/detail/warpers.hpp" />
		<Unit filename="include/opencv2/stitching/detail/warpers_inl.hpp" />
		<Unit filename="include/opencv2/stitching/warpers.hpp" />
		<Unit filename="include/opencv2/video.hpp" />
		<Unit filename="include/opencv2/video/background_segm.hpp" />
		<Unit filename="include/opencv2/video/legacy/constants_c.h" />
		<Unit filename="include/opencv2/video/tracking.hpp" />
		<Unit filename="include/opencv2/video/video.hpp" />
		<Unit filename="include/opencv2/videoio.hpp" />
		<Unit filename="include/opencv2/videoio/cap_ios.h" />
		<Unit filename="include/opencv2/videoio/legacy/constants_c.h" />
		<Unit filename="include/opencv2/videoio/registry.hpp" />
		<Unit filename="include/opencv2/videoio/videoio.hpp" />
		<Unit filename="include/opencv2/videoio/videoio_c.h" />
		<Unit filename="main.cpp" />
		<Unit filename="media/Megamind.avi" />
		<Extensions>
			<lib_finder disable_auto="1" />
		</Extensions>
	</Project>
</CodeBlocks_project_file>
